# This file is generated by running "yarn install" inside your project.
# Manual changes might be lost - proceed with caution!

__metadata:
  version: 5
  cacheKey: 8

"@yarnpkg/esbuild-plugin-pnp@npm:^2.0.0":
  version: 2.0.0
  resolution: "@yarnpkg/esbuild-plugin-pnp@npm:2.0.0"
  dependencies:
    tslib: ^1.13.0
  peerDependencies:
    esbuild: ">=0.10.0"
  checksum: 7b98034f4c0931aa15e9cb2c77c5c485d89df3af31f1ea8223411f8880a2fbe88377d9f71ff45c04aecbcc8b2b47e167991a0f948dc2ec1f4a6ee026fea1fe9d
  languageName: node
  linkType: hard

"custom-elements-with-react@workspace:.":
  version: 0.0.0-use.local
  resolution: "custom-elements-with-react@workspace:."
  dependencies:
    "@yarnpkg/esbuild-plugin-pnp": ^2.0.0
    esbuild: ^0.14.7
    react: experimental
    react-dom: experimental
  languageName: unknown
  linkType: soft

"esbuild-android-arm64@npm:0.14.7":
  version: 0.14.7
  resolution: "esbuild-android-arm64@npm:0.14.7"
  conditions: os=android & cpu=arm64
  languageName: node
  linkType: hard

"esbuild-darwin-64@npm:0.14.7":
  version: 0.14.7
  resolution: "esbuild-darwin-64@npm:0.14.7"
  conditions: os=darwin & cpu=x64
  languageName: node
  linkType: hard

"esbuild-darwin-arm64@npm:0.14.7":
  version: 0.14.7
  resolution: "esbuild-darwin-arm64@npm:0.14.7"
  conditions: os=darwin & cpu=arm64
  languageName: node
  linkType: hard

"esbuild-freebsd-64@npm:0.14.7":
  version: 0.14.7
  resolution: "esbuild-freebsd-64@npm:0.14.7"
  conditions: os=freebsd & cpu=x64
  languageName: node
  linkType: hard

"esbuild-freebsd-arm64@npm:0.14.7":
  version: 0.14.7
  resolution: "esbuild-freebsd-arm64@npm:0.14.7"
  conditions: os=freebsd & cpu=arm64
  languageName: node
  linkType: hard

"esbuild-linux-32@npm:0.14.7":
  version: 0.14.7
  resolution: "esbuild-linux-32@npm:0.14.7"
  conditions: os=linux & cpu=ia32
  languageName: node
  linkType: hard

"esbuild-linux-64@npm:0.14.7":
  version: 0.14.7
  resolution: "esbuild-linux-64@npm:0.14.7"
  conditions: os=linux & cpu=x64
  languageName: node
  linkType: hard

"esbuild-linux-arm64@npm:0.14.7":
  version: 0.14.7
  resolution: "esbuild-linux-arm64@npm:0.14.7"
  conditions: os=linux & cpu=arm64
  languageName: node
  linkType: hard

"esbuild-linux-arm@npm:0.14.7":
  version: 0.14.7
  resolution: "esbuild-linux-arm@npm:0.14.7"
  conditions: os=linux & cpu=arm
  languageName: node
  linkType: hard

"esbuild-linux-mips64le@npm:0.14.7":
  version: 0.14.7
  resolution: "esbuild-linux-mips64le@npm:0.14.7"
  conditions: os=linux & cpu=mips64el
  languageName: node
  linkType: hard

"esbuild-linux-ppc64le@npm:0.14.7":
  version: 0.14.7
  resolution: "esbuild-linux-ppc64le@npm:0.14.7"
  conditions: os=linux & cpu=ppc64
  languageName: node
  linkType: hard

"esbuild-netbsd-64@npm:0.14.7":
  version: 0.14.7
  resolution: "esbuild-netbsd-64@npm:0.14.7"
  conditions: os=netbsd & cpu=x64
  languageName: node
  linkType: hard

"esbuild-openbsd-64@npm:0.14.7":
  version: 0.14.7
  resolution: "esbuild-openbsd-64@npm:0.14.7"
  conditions: os=openbsd & cpu=x64
  languageName: node
  linkType: hard

"esbuild-sunos-64@npm:0.14.7":
  version: 0.14.7
  resolution: "esbuild-sunos-64@npm:0.14.7"
  conditions: os=sunos & cpu=x64
  languageName: node
  linkType: hard

"esbuild-windows-32@npm:0.14.7":
  version: 0.14.7
  resolution: "esbuild-windows-32@npm:0.14.7"
  conditions: os=win32 & cpu=ia32
  languageName: node
  linkType: hard

"esbuild-windows-64@npm:0.14.7":
  version: 0.14.7
  resolution: "esbuild-windows-64@npm:0.14.7"
  conditions: os=win32 & cpu=x64
  languageName: node
  linkType: hard

"esbuild-windows-arm64@npm:0.14.7":
  version: 0.14.7
  resolution: "esbuild-windows-arm64@npm:0.14.7"
  conditions: os=win32 & cpu=arm64
  languageName: node
  linkType: hard

"esbuild@npm:^0.14.7":
  version: 0.14.7
  resolution: "esbuild@npm:0.14.7"
  dependencies:
    esbuild-android-arm64: 0.14.7
    esbuild-darwin-64: 0.14.7
    esbuild-darwin-arm64: 0.14.7
    esbuild-freebsd-64: 0.14.7
    esbuild-freebsd-arm64: 0.14.7
    esbuild-linux-32: 0.14.7
    esbuild-linux-64: 0.14.7
    esbuild-linux-arm: 0.14.7
    esbuild-linux-arm64: 0.14.7
    esbuild-linux-mips64le: 0.14.7
    esbuild-linux-ppc64le: 0.14.7
    esbuild-netbsd-64: 0.14.7
    esbuild-openbsd-64: 0.14.7
    esbuild-sunos-64: 0.14.7
    esbuild-windows-32: 0.14.7
    esbuild-windows-64: 0.14.7
    esbuild-windows-arm64: 0.14.7
  dependenciesMeta:
    esbuild-android-arm64:
      optional: true
    esbuild-darwin-64:
      optional: true
    esbuild-darwin-arm64:
      optional: true
    esbuild-freebsd-64:
      optional: true
    esbuild-freebsd-arm64:
      optional: true
    esbuild-linux-32:
      optional: true
    esbuild-linux-64:
      optional: true
    esbuild-linux-arm:
      optional: true
    esbuild-linux-arm64:
      optional: true
    esbuild-linux-mips64le:
      optional: true
    esbuild-linux-ppc64le:
      optional: true
    esbuild-netbsd-64:
      optional: true
    esbuild-openbsd-64:
      optional: true
    esbuild-sunos-64:
      optional: true
    esbuild-windows-32:
      optional: true
    esbuild-windows-64:
      optional: true
    esbuild-windows-arm64:
      optional: true
  bin:
    esbuild: bin/esbuild
  checksum: cd04d1e27e2a6a446c88f6d42b1103cf02319ace35cfd47e1f44873e616e4ff26aa22dcf693b4cb79f093420233d2024e86721512404bc2ebd08c79a45dddc76
  languageName: node
  linkType: hard

"js-tokens@npm:^3.0.0 || ^4.0.0":
  version: 4.0.0
  resolution: "js-tokens@npm:4.0.0"
  checksum: 8a95213a5a77deb6cbe94d86340e8d9ace2b93bc367790b260101d2f36a2eaf4e4e22d9fa9cf459b38af3a32fb4190e638024cf82ec95ef708680e405ea7cc78
  languageName: node
  linkType: hard

"loose-envify@npm:^1.1.0":
  version: 1.4.0
  resolution: "loose-envify@npm:1.4.0"
  dependencies:
    js-tokens: ^3.0.0 || ^4.0.0
  bin:
    loose-envify: cli.js
  checksum: 6517e24e0cad87ec9888f500c5b5947032cdfe6ef65e1c1936a0c48a524b81e65542c9c3edc91c97d5bddc806ee2a985dbc79be89215d613b1de5db6d1cfe6f4
  languageName: node
  linkType: hard

"object-assign@npm:^4.1.1":
  version: 4.1.1
  resolution: "object-assign@npm:4.1.1"
  checksum: fcc6e4ea8c7fe48abfbb552578b1c53e0d194086e2e6bbbf59e0a536381a292f39943c6e9628af05b5528aa5e3318bb30d6b2e53cadaf5b8fe9e12c4b69af23f
  languageName: node
  linkType: hard

"react-dom@npm:experimental":
  version: 0.0.0-experimental-ceee524a8-20211217
  resolution: "react-dom@npm:0.0.0-experimental-ceee524a8-20211217"
  dependencies:
    loose-envify: ^1.1.0
    object-assign: ^4.1.1
    scheduler: 0.0.0-experimental-ceee524a8-20211217
  peerDependencies:
    react: 0.0.0-experimental-ceee524a8-20211217
  checksum: 4caa9decf4dcd75cbb0cb9ebe71abbb283fb3019ed88e80426c4335c252eb4d2834f25334bded46fc8843f295fda6c0af9b3cdb745aa0570d7171677c5670c3f
  languageName: node
  linkType: hard

"react@npm:experimental":
  version: 0.0.0-experimental-3dc41d8a2-20211223
  resolution: "react@npm:0.0.0-experimental-3dc41d8a2-20211223"
  dependencies:
    loose-envify: ^1.1.0
    object-assign: ^4.1.1
  checksum: 5f3800c9e868cac9dbc185ed70d166851cab2cb68faa2c2b8d25194ec1bd5eff2be00637d5be30eda2859e27818677d37e4f218c61837040ddef31ea15051892
  languageName: node
  linkType: hard

"scheduler@npm:0.0.0-experimental-ceee524a8-20211217":
  version: 0.0.0-experimental-ceee524a8-20211217
  resolution: "scheduler@npm:0.0.0-experimental-ceee524a8-20211217"
  dependencies:
    loose-envify: ^1.1.0
    object-assign: ^4.1.1
  checksum: 7ea8bdc2f33d8f7a1012cd6a88e4344fd468a82861741d7a37fadabadc9e4e2e09b7dcb3e5da229075051ebc432df87d7534f9d451834bfc54ac05c11e7b9d48
  languageName: node
  linkType: hard

"tslib@npm:^1.13.0":
  version: 1.14.1
  resolution: "tslib@npm:1.14.1"
  checksum: dbe628ef87f66691d5d2959b3e41b9ca0045c3ee3c7c7b906cc1e328b39f199bb1ad9e671c39025bd56122ac57dfbf7385a94843b1cc07c60a4db74795829acd
  languageName: node
  linkType: hard
